
Microsoft Visual Studio Solution File, Format Version 12.00
# Visual Studio Version 17
VisualStudioVersion = 17.5.33424.131
MinimumVisualStudioVersion = 10.0.40219.1
Project("{9A19103F-16F7-4668-BE54-9A1E7A4F7556}") = "HRListener", "HRListener.csproj", "{60E7A643-ED7C-4F57-91A9-8B594F8A7FE6}"
EndProject
Global
	GlobalSection(SolutionConfigurationPlatforms) = preSolution
		Debug|Any CPU = Debug|Any CPU
		Release|Any CPU = Release|Any CPU
	EndGlobalSection
	GlobalSection(ProjectConfigurationPlatforms) = postSolution
		{60E7A643-ED7C-4F57-91A9-8B594F8A7FE6}.Debug|Any CPU.ActiveCfg = Debug|Any CPU
		{60E7A643-ED7C-4F57-91A9-8B594F8A7FE6}.Debug|Any CPU.Build.0 = Debug|Any CPU
		{60E7A643-ED7C-4F57-91A9-8B594F8A7FE6}.Release|Any CPU.ActiveCfg = Release|Any CPU
		{60E7A643-ED7C-4F57-91A9-8B594F8A7FE6}.Release|Any CPU.Build.0 = Release|Any CPU
	EndGlobalSection
	GlobalSection(SolutionProperties) = preSolution
		HideSolutionNode = FALSE
	EndGlobalSection
	GlobalSection(ExtensibilityGlobals) = postSolution
		SolutionGuid = {9EE8C624-EE34-4FFF-8BB2-BB8AEE8997B2}
	EndGlobalSection
EndGlobal
